
Microsoft Visual Studio Solution File, Format Version 12.00
# Visual Studio Version 17
VisualStudioVersion = 17.1.32414.318
MinimumVisualStudioVersion = 10.0.40219.1
Project("{FAE04EC0-301F-11D3-BF4B-00C04F79EFBC}") = "CarsTestTask", "CarsTestTask\CarsTestTask.csproj", "{6045EF8F-8473-4FF1-8A59-949E777FCC3D}"
EndProject
Global
	GlobalSection(SolutionConfigurationPlatforms) = preSolution
		Debug|Any CPU = Debug|Any CPU
		Release|Any CPU = Release|Any CPU
	EndGlobalSection
	GlobalSection(ProjectConfigurationPlatforms) = postSolution
		{6045EF8F-8473-4FF1-8A59-949E777FCC3D}.Debug|Any CPU.ActiveCfg = Debug|Any CPU
		{6045EF8F-8473-4FF1-8A59-949E777FCC3D}.Debug|Any CPU.Build.0 = Debug|Any CPU
		{6045EF8F-8473-4FF1-8A59-949E777FCC3D}.Release|Any CPU.ActiveCfg = Release|Any CPU
		{6045EF8F-8473-4FF1-8A59-949E777FCC3D}.Release|Any CPU.Build.0 = Release|Any CPU
	EndGlobalSection
	GlobalSection(SolutionProperties) = preSolution
		HideSolutionNode = FALSE
	EndGlobalSection
	GlobalSection(ExtensibilityGlobals) = postSolution
		SolutionGuid = {B8236BF7-7CD4-4FFB-BB8B-80FA65F1C471}
	EndGlobalSection
EndGlobal
